
Microsoft Visual Studio Solution File, Format Version 12.00
# Visual Studio Version 17
VisualStudioVersion = 17.5.33516.290
MinimumVisualStudioVersion = 10.0.40219.1
Project("{9A19103F-16F7-4668-BE54-9A1E7A4F7556}") = "SkillSet.API", "WebApi\SkillSet.API.csproj", "{2FA55028-AEF1-4FE4-94A5-B28F81B98E38}"
EndProject
Project("{FAE04EC0-301F-11D3-BF4B-00C04F79EFBC}") = "Domain", "Domain\Domain.csproj", "{F9646868-9BB5-4C89-BBFE-C615CB726939}"
EndProject
Project("{FAE04EC0-301F-11D3-BF4B-00C04F79EFBC}") = "Application", "Application\Application.csproj", "{8D05B5B8-D4BE-4448-A116-D19D785F1759}"
EndProject
Project("{FAE04EC0-301F-11D3-BF4B-00C04F79EFBC}") = "Infrastructure", "Infrastructure\Infrastructure.csproj", "{B1E9684D-4379-4C06-A0DD-868762525088}"
EndProject
Global
	GlobalSection(SolutionConfigurationPlatforms) = preSolution
		Debug|Any CPU = Debug|Any CPU
		Release|Any CPU = Release|Any CPU
	EndGlobalSection
	GlobalSection(ProjectConfigurationPlatforms) = postSolution
		{2FA55028-AEF1-4FE4-94A5-B28F81B98E38}.Debug|Any CPU.ActiveCfg = Debug|Any CPU
		{2FA55028-AEF1-4FE4-94A5-B28F81B98E38}.Debug|Any CPU.Build.0 = Debug|Any CPU
		{2FA55028-AEF1-4FE4-94A5-B28F81B98E38}.Release|Any CPU.ActiveCfg = Release|Any CPU
		{2FA55028-AEF1-4FE4-94A5-B28F81B98E38}.Release|Any CPU.Build.0 = Release|Any CPU
		{F9646868-9BB5-4C89-BBFE-C615CB726939}.Debug|Any CPU.ActiveCfg = Debug|Any CPU
		{F9646868-9BB5-4C89-BBFE-C615CB726939}.Debug|Any CPU.Build.0 = Debug|Any CPU
		{F9646868-9BB5-4C89-BBFE-C615CB726939}.Release|Any CPU.ActiveCfg = Release|Any CPU
		{F9646868-9BB5-4C89-BBFE-C615CB726939}.Release|Any CPU.Build.0 = Release|Any CPU
		{8D05B5B8-D4BE-4448-A116-D19D785F1759}.Debug|Any CPU.ActiveCfg = Debug|Any CPU
		{8D05B5B8-D4BE-4448-A116-D19D785F1759}.Debug|Any CPU.Build.0 = Debug|Any CPU
		{8D05B5B8-D4BE-4448-A116-D19D785F1759}.Release|Any CPU.ActiveCfg = Release|Any CPU
		{8D05B5B8-D4BE-4448-A116-D19D785F1759}.Release|Any CPU.Build.0 = Release|Any CPU
		{B1E9684D-4379-4C06-A0DD-868762525088}.Debug|Any CPU.ActiveCfg = Debug|Any CPU
		{B1E9684D-4379-4C06-A0DD-868762525088}.Debug|Any CPU.Build.0 = Debug|Any CPU
		{B1E9684D-4379-4C06-A0DD-868762525088}.Release|Any CPU.ActiveCfg = Release|Any CPU
		{B1E9684D-4379-4C06-A0DD-868762525088}.Release|Any CPU.Build.0 = Release|Any CPU
	EndGlobalSection
	GlobalSection(SolutionProperties) = preSolution
		HideSolutionNode = FALSE
	EndGlobalSection
	GlobalSection(ExtensibilityGlobals) = postSolution
		SolutionGuid = {3E1058A1-2371-493F-BCB3-21B5ED02066F}
	EndGlobalSection
EndGlobal
